
Microsoft Visual Studio Solution File, Format Version 12.00
# Visual Studio Version 16
VisualStudioVersion = 16.0.30804.86
MinimumVisualStudioVersion = 10.0.40219.1
Project("{FAE04EC0-301F-11D3-BF4B-00C04F79EFBC}") = "RestApiDemo.WebApi", "RestApiDemo.WebApi\RestApiDemo.WebApi.csproj", "{37C0A737-A5E6-45AF-A6EF-9D662B2637E9}"
EndProject
Global
	GlobalSection(SolutionConfigurationPlatforms) = preSolution
		Debug|Any CPU = Debug|Any CPU
		Release|Any CPU = Release|Any CPU
	EndGlobalSection
	GlobalSection(ProjectConfigurationPlatforms) = postSolution
		{37C0A737-A5E6-45AF-A6EF-9D662B2637E9}.Debug|Any CPU.ActiveCfg = Debug|Any CPU
		{37C0A737-A5E6-45AF-A6EF-9D662B2637E9}.Debug|Any CPU.Build.0 = Debug|Any CPU
		{37C0A737-A5E6-45AF-A6EF-9D662B2637E9}.Release|Any CPU.ActiveCfg = Release|Any CPU
		{37C0A737-A5E6-45AF-A6EF-9D662B2637E9}.Release|Any CPU.Build.0 = Release|Any CPU
	EndGlobalSection
	GlobalSection(SolutionProperties) = preSolution
		HideSolutionNode = FALSE
	EndGlobalSection
	GlobalSection(ExtensibilityGlobals) = postSolution
		SolutionGuid = {AE1D6B1E-EB78-4A96-AE3D-C7CEF99F4FA0}
	EndGlobalSection
EndGlobal
